// !$*UTF8*$!
{
	archiveVersion = 1;
	classes = {
	};
	objectVersion = 56;
	objects = {

/* Begin PBXBuildFile section */
		AA0000000000000000000001 /* SmartWardrobeApp.swift in Sources */ = {isa = PBXBuildFile; fileRef = AA0000000000000000000101 /* SmartWardrobeApp.swift */; };
		AA0000000000000000000002 /* WardrobeItem.swift in Sources */ = {isa = PBXBuildFile; fileRef = AA0000000000000000000102 /* WardrobeItem.swift */; };
		AA0000000000000000000003 /* Outfit.swift in Sources */ = {isa = PBXBuildFile; fileRef = AA0000000000000000000103 /* Outfit.swift */; };
		AA0000000000000000000004 /* WardrobeStore.swift in Sources */ = {isa = PBXBuildFile; fileRef = AA0000000000000000000104 /* WardrobeStore.swift */; };
		AA0000000000000000000005 /* WeatherService.swift in Sources */ = {isa = PBXBuildFile; fileRef = AA0000000000000000000105 /* WeatherService.swift */; };
		AA0000000000000000000006 /* OutfitRecommendationService.swift in Sources */ = {isa = PBXBuildFile; fileRef = AA0000000000000000000106 /* OutfitRecommendationService.swift */; };
		AA0000000000000000000007 /* DesignSystem.swift in Sources */ = {isa = PBXBuildFile; fileRef = AA0000000000000000000107 /* DesignSystem.swift */; };
		AA0000000000000000000008 /* RootTabView.swift in Sources */ = {isa = PBXBuildFile; fileRef = AA0000000000000000000108 /* RootTabView.swift */; };
		AA0000000000000000000009 /* WardrobeView.swift in Sources */ = {isa = PBXBuildFile; fileRef = AA0000000000000000000109 /* WardrobeView.swift */; };
		AA0000000000000000000010 /* PlannerView.swift in Sources */ = {isa = PBXBuildFile; fileRef = AA0000000000000000000110 /* PlannerView.swift */; };
		AA0000000000000000000011 /* OutfitDetailView.swift in Sources */ = {isa = PBXBuildFile; fileRef = AA0000000000000000000111 /* OutfitDetailView.swift */; };
/* End PBXBuildFile section */

/* Begin PBXFileReference section */
		AA0000000000000000000101 /* SmartWardrobeApp.swift */ = {isa = PBXFileReference; lastKnownFileType = sourcecode.swift; path = SmartWardrobeApp.swift; sourceTree = "<group>"; };
		AA0000000000000000000102 /* WardrobeItem.swift */ = {isa = PBXFileReference; lastKnownFileType = sourcecode.swift; path = WardrobeItem.swift; sourceTree = "<group>"; };
		AA0000000000000000000103 /* Outfit.swift */ = {isa = PBXFileReference; lastKnownFileType = sourcecode.swift; path = Outfit.swift; sourceTree = "<group>"; };
		AA0000000000000000000104 /* WardrobeStore.swift */ = {isa = PBXFileReference; lastKnownFileType = sourcecode.swift; path = WardrobeStore.swift; sourceTree = "<group>"; };
		AA0000000000000000000105 /* WeatherService.swift */ = {isa = PBXFileReference; lastKnownFileType = sourcecode.swift; path = WeatherService.swift; sourceTree = "<group>"; };
		AA0000000000000000000106 /* OutfitRecommendationService.swift */ = {isa = PBXFileReference; lastKnownFileType = sourcecode.swift; path = OutfitRecommendationService.swift; sourceTree = "<group>"; };
		AA0000000000000000000107 /* DesignSystem.swift */ = {isa = PBXFileReference; lastKnownFileType = sourcecode.swift; path = DesignSystem.swift; sourceTree = "<group>"; };
		AA0000000000000000000108 /* RootTabView.swift */ = {isa = PBXFileReference; lastKnownFileType = sourcecode.swift; path = RootTabView.swift; sourceTree = "<group>"; };
		AA0000000000000000000109 /* WardrobeView.swift */ = {isa = PBXFileReference; lastKnownFileType = sourcecode.swift; path = WardrobeView.swift; sourceTree = "<group>"; };
		AA0000000000000000000110 /* PlannerView.swift */ = {isa = PBXFileReference; lastKnownFileType = sourcecode.swift; path = PlannerView.swift; sourceTree = "<group>"; };
		AA0000000000000000000111 /* OutfitDetailView.swift */ = {isa = PBXFileReference; lastKnownFileType = sourcecode.swift; path = OutfitDetailView.swift; sourceTree = "<group>"; };
		AA0000000000000000000201 /* SmartWardrobe.app */ = {isa = PBXFileReference; explicitFileType = wrapper.application; includeInIndex = 0; path = SmartWardrobe.app; sourceTree = BUILT_PRODUCTS_DIR; };
/* End PBXFileReference section */

/* Begin PBXFrameworksBuildPhase section */
		AA0000000000000000000301 /* Frameworks */ = {isa = PBXFrameworksBuildPhase; buildActionMask = 2147483647; files = ( ); runOnlyForDeploymentPostprocessing = 0; };
/* End PBXFrameworksBuildPhase section */

/* Begin PBXGroup section */
		AA0000000000000000000401 = {
			isa = PBXGroup;
			children = (
				AA0000000000000000000402 /* SmartWardrobe */,
				AA0000000000000000000403 /* Products */,
			);
			sourceTree = "<group>";
		};
		AA0000000000000000000402 /* SmartWardrobe */ = {
			isa = PBXGroup;
			children = (
				AA0000000000000000000101 /* SmartWardrobeApp.swift */,
				AA0000000000000000000404 /* Models */,
				AA0000000000000000000405 /* Services */,
				AA0000000000000000000406 /* Views */,
			);
			path = .;
			sourceTree = "<group>";
		};
		AA0000000000000000000404 /* Models */ = { isa = PBXGroup; children = ( AA0000000000000000000102 /* WardrobeItem.swift */, AA0000000000000000000103 /* Outfit.swift */, ); name = Models; path = Models; sourceTree = "<group>"; };
		AA0000000000000000000405 /* Services */ = { isa = PBXGroup; children = ( AA0000000000000000000104 /* WardrobeStore.swift */, AA0000000000000000000105 /* WeatherService.swift */, AA0000000000000000000106 /* OutfitRecommendationService.swift */, ); name = Services; path = Services; sourceTree = "<group>"; };
		AA0000000000000000000406 /* Views */ = { isa = PBXGroup; children = ( AA0000000000000000000107 /* DesignSystem.swift */, AA0000000000000000000108 /* RootTabView.swift */, AA0000000000000000000109 /* WardrobeView.swift */, AA0000000000000000000110 /* PlannerView.swift */, AA0000000000000000000111 /* OutfitDetailView.swift */, ); name = Views; path = Views; sourceTree = "<group>"; };
		AA0000000000000000000403 /* Products */ = { isa = PBXGroup; children = ( AA0000000000000000000201 /* SmartWardrobe.app */, ); name = Products; sourceTree = "<group>"; };
/* End PBXGroup section */

/* Begin PBXNativeTarget section */
		AA0000000000000000000501 /* SmartWardrobe */ = {
			isa = PBXNativeTarget;
			buildConfigurationList = AA0000000000000000000702 /* Build configuration list for PBXNativeTarget "SmartWardrobe" */;
			buildPhases = ( AA0000000000000000000601 /* Sources */, AA0000000000000000000301 /* Frameworks */, AA0000000000000000000602 /* Resources */, );
			buildRules = ( );
			dependencies = ( );
			name = SmartWardrobe;
			productName = SmartWardrobe;
			productReference = AA0000000000000000000201 /* SmartWardrobe.app */;
			productType = "com.apple.product-type.application";
		};
/* End PBXNativeTarget section */

/* Begin PBXProject section */
		AA0000000000000000000502 /* Project object */ = {
			isa = PBXProject;
			attributes = { LastSwiftUpdateCheck = 1600; ORGANIZATIONNAME = SmartWardrobe; TargetAttributes = { AA0000000000000000000501 = { CreatedOnToolsVersion = 16.0; }; }; };
			buildConfigurationList = AA0000000000000000000701 /* Build configuration list for PBXProject "SmartWardrobe" */;
			compatibilityVersion = "Xcode 14.0";
			developmentRegion = en;
			hasScannedForEncodings = 0;
			knownRegions = ( en, Base, );
			mainGroup = AA0000000000000000000401;
			productRefGroup = AA0000000000000000000403 /* Products */;
			projectDirPath = "";
			projectRoot = "";
			targets = ( AA0000000000000000000501 /* SmartWardrobe */, );
		};
/* End PBXProject section */

/* Begin PBXResourcesBuildPhase section */
		AA0000000000000000000602 /* Resources */ = { isa = PBXResourcesBuildPhase; buildActionMask = 2147483647; files = ( ); runOnlyForDeploymentPostprocessing = 0; };
/* End PBXResourcesBuildPhase section */

/* Begin PBXSourcesBuildPhase section */
		AA0000000000000000000601 /* Sources */ = {
			isa = PBXSourcesBuildPhase;
			buildActionMask = 2147483647;
			files = ( AA0000000000000000000001, AA0000000000000000000002, AA0000000000000000000003, AA0000000000000000000004, AA0000000000000000000005, AA0000000000000000000006, AA0000000000000000000007, AA0000000000000000000008, AA0000000000000000000009, AA0000000000000000000010, AA0000000000000000000011, );
			runOnlyForDeploymentPostprocessing = 0;
		};
/* End PBXSourcesBuildPhase section */

/* Begin XCBuildConfiguration section */
		AA0000000000000000000801 /* Debug */ = { isa = XCBuildConfiguration; buildSettings = { ALWAYS_SEARCH_USER_PATHS = NO; ASSETCATALOG_COMPILER_GLOBAL_ACCENT_COLOR_NAME = AccentColor; CLANG_ENABLE_MODULES = YES; CURRENT_PROJECT_VERSION = 1; DEBUG_INFORMATION_FORMAT = dwarf; DEVELOPMENT_TEAM = ""; ENABLE_PREVIEWS = YES; GENERATE_INFOPLIST_FILE = YES; INFOPLIST_KEY_CFBundleDisplayName = "Smart Wardrobe"; INFOPLIST_KEY_NSCameraUsageDescription = "Smart Wardrobe utilise la caméra pour scanner tes vêtements."; INFOPLIST_KEY_NSPhotoLibraryUsageDescription = "Smart Wardrobe utilise tes photos pour ajouter tes vêtements."; MARKETING_VERSION = 1.0; PRODUCT_BUNDLE_IDENTIFIER = com.smartwardrobe.app; PRODUCT_NAME = "$(TARGET_NAME)"; SWIFT_EMIT_LOC_STRINGS = YES; SWIFT_VERSION = 5.0; TARGETED_DEVICE_FAMILY = "1,2"; IPHONEOS_DEPLOYMENT_TARGET = 17.0; SDKROOT = iphoneos; }; name = Debug; };
		AA0000000000000000000802 /* Release */ = { isa = XCBuildConfiguration; buildSettings = { ALWAYS_SEARCH_USER_PATHS = NO; ASSETCATALOG_COMPILER_GLOBAL_ACCENT_COLOR_NAME = AccentColor; CLANG_ENABLE_MODULES = YES; CURRENT_PROJECT_VERSION = 1; DEBUG_INFORMATION_FORMAT = "dwarf-with-dsym"; DEVELOPMENT_TEAM = ""; ENABLE_NS_ASSERTIONS = NO; GENERATE_INFOPLIST_FILE = YES; INFOPLIST_KEY_CFBundleDisplayName = "Smart Wardrobe"; INFOPLIST_KEY_NSCameraUsageDescription = "Smart Wardrobe utilise la caméra pour scanner tes vêtements."; INFOPLIST_KEY_NSPhotoLibraryUsageDescription = "Smart Wardrobe utilise tes photos pour ajouter tes vêtements."; MARKETING_VERSION = 1.0; PRODUCT_BUNDLE_IDENTIFIER = com.smartwardrobe.app; PRODUCT_NAME = "$(TARGET_NAME)"; SWIFT_EMIT_LOC_STRINGS = YES; SWIFT_VERSION = 5.0; TARGETED_DEVICE_FAMILY = "1,2"; IPHONEOS_DEPLOYMENT_TARGET = 17.0; SDKROOT = iphoneos; }; name = Release; };
		AA0000000000000000000901 /* Debug */ = { isa = XCBuildConfiguration; buildSettings = { ALWAYS_SEARCH_USER_PATHS = NO; CLANG_ENABLE_MODULES = YES; CURRENT_PROJECT_VERSION = 1; ENABLE_PREVIEWS = YES; SWIFT_OPTIMIZATION_LEVEL = "-Onone"; SWIFT_VERSION = 5.0; }; name = Debug; };
		AA0000000000000000000902 /* Release */ = { isa = XCBuildConfiguration; buildSettings = { ALWAYS_SEARCH_USER_PATHS = NO; CLANG_ENABLE_MODULES = YES; CURRENT_PROJECT_VERSION = 1; SWIFT_VERSION = 5.0; }; name = Release; };
/* End XCBuildConfiguration section */

/* Begin XCConfigurationList section */
		AA0000000000000000000701 /* Build configuration list for PBXProject "SmartWardrobe" */ = { isa = XCConfigurationList; buildConfigurations = ( AA0000000000000000000901 /* Debug */, AA0000000000000000000902 /* Release */, ); defaultConfigurationIsVisible = 0; defaultConfigurationName = Release; };
		AA0000000000000000000702 /* Build configuration list for PBXNativeTarget "SmartWardrobe" */ = { isa = XCConfigurationList; buildConfigurations = ( AA0000000000000000000801 /* Debug */, AA0000000000000000000802 /* Release */, ); defaultConfigurationIsVisible = 0; defaultConfigurationName = Release; };
/* End XCConfigurationList section */
	};
	rootObject = AA0000000000000000000502 /* Project object */;
}